
Microsoft Visual Studio Solution File, Format Version 12.00
# Visual Studio Version 17
VisualStudioVersion = 17.6.33829.357
MinimumVisualStudioVersion = 10.0.40219.1
Project("{FAE04EC0-301F-11D3-BF4B-00C04F79EFBC}") = "Bethesda LOD File Generator", "Bethesda LOD File Generator\Bethesda LOD File Generator.csproj", "{4811854B-A5BC-47CA-957E-74842316CA8D}"
EndProject
Global
	GlobalSection(SolutionConfigurationPlatforms) = preSolution
		Debug|Any CPU = Debug|Any CPU
		Release|Any CPU = Release|Any CPU
	EndGlobalSection
	GlobalSection(ProjectConfigurationPlatforms) = postSolution
		{4811854B-A5BC-47CA-957E-74842316CA8D}.Debug|Any CPU.ActiveCfg = Debug|Any CPU
		{4811854B-A5BC-47CA-957E-74842316CA8D}.Debug|Any CPU.Build.0 = Debug|Any CPU
		{4811854B-A5BC-47CA-957E-74842316CA8D}.Release|Any CPU.ActiveCfg = Release|Any CPU
		{4811854B-A5BC-47CA-957E-74842316CA8D}.Release|Any CPU.Build.0 = Release|Any CPU
	EndGlobalSection
	GlobalSection(SolutionProperties) = preSolution
		HideSolutionNode = FALSE
	EndGlobalSection
	GlobalSection(ExtensibilityGlobals) = postSolution
		SolutionGuid = {3B881E85-E25F-4825-B2F9-B5D2C14F2EE3}
	EndGlobalSection
EndGlobal
